// !$*UTF8*$!
{
	archiveVersion = 1;
	classes = {
	};
	objectVersion = 46;
	objects = {

/* Begin PBXBuildFile section */
		FE45EDD61B1D697500F39BF8 /* AppDelegate.swift in Sources */ = {isa = PBXBuildFile; fileRef = FE45EDD51B1D697500F39BF8 /* AppDelegate.swift */; };
		FE45EDD81B1D697500F39BF8 /* ViewController.swift in Sources */ = {isa = PBXBuildFile; fileRef = FE45EDD71B1D697500F39BF8 /* ViewController.swift */; };
		FE45EDDB1B1D697500F39BF8 /* Main.storyboard in Resources */ = {isa = PBXBuildFile; fileRef = FE45EDD91B1D697500F39BF8 /* Main.storyboard */; };
		FE45EDDD1B1D697600F39BF8 /* Images.xcassets in Resources */ = {isa = PBXBuildFile; fileRef = FE45EDDC1B1D697600F39BF8 /* Images.xcassets */; };
		FE45EDE01B1D697600F39BF8 /* LaunchScreen.xib in Resources */ = {isa = PBXBuildFile; fileRef = FE45EDDE1B1D697600F39BF8 /* LaunchScreen.xib */; };
		FE45EDEC1B1D697600F39BF8 /* ZoomableCollectionsViewTests.swift in Sources */ = {isa = PBXBuildFile; fileRef = FE45EDEB1B1D697600F39BF8 /* ZoomableCollectionsViewTests.swift */; };
/* End PBXBuildFile section */

/* Begin PBXContainerItemProxy section */
		FE45EDE61B1D697600F39BF8 /* PBXContainerItemProxy */ = {
			isa = PBXContainerItemProxy;
			containerPortal = FE45EDC81B1D697500F39BF8 /* Project object */;
			proxyType = 1;
			remoteGlobalIDString = FE45EDCF1B1D697500F39BF8;
			remoteInfo = ZoomableCollectionsView;
		};
/* End PBXContainerItemProxy section */

/* Begin PBXFileReference section */
		FE45EDD01B1D697500F39BF8 /* ZoomableCollectionsView.app */ = {isa = PBXFileReference; explicitFileType = wrapper.application; includeInIndex = 0; path = ZoomableCollectionsView.app; sourceTree = BUILT_PRODUCTS_DIR; };
		FE45EDD41B1D697500F39BF8 /* Info.plist */ = {isa = PBXFileReference; lastKnownFileType = text.plist.xml; path = Info.plist; sourceTree = "<group>"; };
		FE45EDD51B1D697500F39BF8 /* AppDelegate.swift */ = {isa = PBXFileReference; lastKnownFileType = sourcecode.swift; path = AppDelegate.swift; sourceTree = "<group>"; };
		FE45EDD71B1D697500F39BF8 /* ViewController.swift */ = {isa = PBXFileReference; lastKnownFileType = sourcecode.swift; path = ViewController.swift; sourceTree = "<group>"; };
		FE45EDDA1B1D697500F39BF8 /* Base */ = {isa = PBXFileReference; lastKnownFileType = file.storyboard; name = Base; path = Base.lproj/Main.storyboard; sourceTree = "<group>"; };
		FE45EDDC1B1D697600F39BF8 /* Images.xcassets */ = {isa = PBXFileReference; lastKnownFileType = folder.assetcatalog; path = Images.xcassets; sourceTree = "<group>"; };
		FE45EDDF1B1D697600F39BF8 /* Base */ = {isa = PBXFileReference; lastKnownFileType = file.xib; name = Base; path = Base.lproj/LaunchScreen.xib; sourceTree = "<group>"; };
		FE45EDE51B1D697600F39BF8 /* ZoomableCollectionsViewTests.xctest */ = {isa = PBXFileReference; explicitFileType = wrapper.cfbundle; includeInIndex = 0; path = ZoomableCollectionsViewTests.xctest; sourceTree = BUILT_PRODUCTS_DIR; };
		FE45EDEA1B1D697600F39BF8 /* Info.plist */ = {isa = PBXFileReference; lastKnownFileType = text.plist.xml; path = Info.plist; sourceTree = "<group>"; };
		FE45EDEB1B1D697600F39BF8 /* ZoomableCollectionsViewTests.swift */ = {isa = PBXFileReference; lastKnownFileType = sourcecode.swift; path = ZoomableCollectionsViewTests.swift; sourceTree = "<group>"; };
/* End PBXFileReference section */

/* Begin PBXFrameworksBuildPhase section */
		FE45EDCD1B1D697500F39BF8 /* Frameworks */ = {
			isa = PBXFrameworksBuildPhase;
			buildActionMask = 2147483647;
			files = (
			);
			runOnlyForDeploymentPostprocessing = 0;
		};
		FE45EDE21B1D697600F39BF8 /* Frameworks */ = {
			isa = PBXFrameworksBuildPhase;
			buildActionMask = 2147483647;
			files = (
			);
			runOnlyForDeploymentPostprocessing = 0;
		};
/* End PBXFrameworksBuildPhase section */

/* Begin PBXGroup section */
		FE45EDC71B1D697500F39BF8 = {
			isa = PBXGroup;
			children = (
				FE45EDD21B1D697500F39BF8 /* ZoomableCollectionsView */,
				FE45EDE81B1D697600F39BF8 /* ZoomableCollectionsViewTests */,
				FE45EDD11B1D697500F39BF8 /* Products */,
			);
			sourceTree = "<group>";
		};
		FE45EDD11B1D697500F39BF8 /* Products */ = {
			isa = PBXGroup;
			children = (
				FE45EDD01B1D697500F39BF8 /* ZoomableCollectionsView.app */,
				FE45EDE51B1D697600F39BF8 /* ZoomableCollectionsViewTests.xctest */,
			);
			name = Products;
			sourceTree = "<group>";
		};
		FE45EDD21B1D697500F39BF8 /* ZoomableCollectionsView */ = {
			isa = PBXGroup;
			children = (
				FE45EDD51B1D697500F39BF8 /* AppDelegate.swift */,
				FE45EDD71B1D697500F39BF8 /* ViewController.swift */,
				FE45EDD91B1D697500F39BF8 /* Main.storyboard */,
				FE45EDDC1B1D697600F39BF8 /* Images.xcassets */,
				FE45EDDE1B1D697600F39BF8 /* LaunchScreen.xib */,
				FE45EDD31B1D697500F39BF8 /* Supporting Files */,
			);
			path = ZoomableCollectionsView;
			sourceTree = "<group>";
		};
		FE45EDD31B1D697500F39BF8 /* Supporting Files */ = {
			isa = PBXGroup;
			children = (
				FE45EDD41B1D697500F39BF8 /* Info.plist */,
			);
			name = "Supporting Files";
			sourceTree = "<group>";
		};
		FE45EDE81B1D697600F39BF8 /* ZoomableCollectionsViewTests */ = {
			isa = PBXGroup;
			children = (
				FE45EDEB1B1D697600F39BF8 /* ZoomableCollectionsViewTests.swift */,
				FE45EDE91B1D697600F39BF8 /* Supporting Files */,
			);
			path = ZoomableCollectionsViewTests;
			sourceTree = "<group>";
		};
		FE45EDE91B1D697600F39BF8 /* Supporting Files */ = {
			isa = PBXGroup;
			children = (
				FE45EDEA1B1D697600F39BF8 /* Info.plist */,
			);
			name = "Supporting Files";
			sourceTree = "<group>";
		};
/* End PBXGroup section */

/* Begin PBXNativeTarget section */
		FE45EDCF1B1D697500F39BF8 /* ZoomableCollectionsView */ = {
			isa = PBXNativeTarget;
			buildConfigurationList = FE45EDEF1B1D697600F39BF8 /* Build configuration list for PBXNativeTarget "ZoomableCollectionsView" */;
			buildPhases = (
				FE45EDCC1B1D697500F39BF8 /* Sources */,
				FE45EDCD1B1D697500F39BF8 /* Frameworks */,
				FE45EDCE1B1D697500F39BF8 /* Resources */,
			);
			buildRules = (
			);
			dependencies = (
			);
			name = ZoomableCollectionsView;
			productName = ZoomableCollectionsView;
			productReference = FE45EDD01B1D697500F39BF8 /* ZoomableCollectionsView.app */;
			productType = "com.apple.product-type.application";
		};
		FE45EDE41B1D697600F39BF8 /* ZoomableCollectionsViewTests */ = {
			isa = PBXNativeTarget;
			buildConfigurationList = FE45EDF21B1D697600F39BF8 /* Build configuration list for PBXNativeTarget "ZoomableCollectionsViewTests" */;
			buildPhases = (
				FE45EDE11B1D697600F39BF8 /* Sources */,
				FE45EDE21B1D697600F39BF8 /* Frameworks */,
				FE45EDE31B1D697600F39BF8 /* Resources */,
			);
			buildRules = (
			);
			dependencies = (
				FE45EDE71B1D697600F39BF8 /* PBXTargetDependency */,
			);
			name = ZoomableCollectionsViewTests;
			productName = ZoomableCollectionsViewTests;
			productReference = FE45EDE51B1D697600F39BF8 /* ZoomableCollectionsViewTests.xctest */;
			productType = "com.apple.product-type.bundle.unit-test";
		};
/* End PBXNativeTarget section */

/* Begin PBXProject section */
		FE45EDC81B1D697500F39BF8 /* Project object */ = {
			isa = PBXProject;
			attributes = {
				LastUpgradeCheck = 0630;
				ORGANIZATIONNAME = asp2insp;
				TargetAttributes = {
					FE45EDCF1B1D697500F39BF8 = {
						CreatedOnToolsVersion = 6.3.2;
					};
					FE45EDE41B1D697600F39BF8 = {
						CreatedOnToolsVersion = 6.3.2;
						TestTargetID = FE45EDCF1B1D697500F39BF8;
					};
				};
			};
			buildConfigurationList = FE45EDCB1B1D697500F39BF8 /* Build configuration list for PBXProject "ZoomableCollectionsView" */;
			compatibilityVersion = "Xcode 3.2";
			developmentRegion = English;
			hasScannedForEncodings = 0;
			knownRegions = (
				en,
				Base,
			);
			mainGroup = FE45EDC71B1D697500F39BF8;
			productRefGroup = FE45EDD11B1D697500F39BF8 /* Products */;
			projectDirPath = "";
			projectRoot = "";
			targets = (
				FE45EDCF1B1D697500F39BF8 /* ZoomableCollectionsView */,
				FE45EDE41B1D697600F39BF8 /* ZoomableCollectionsViewTests */,
			);
		};
/* End PBXProject section */

/* Begin PBXResourcesBuildPhase section */
		FE45EDCE1B1D697500F39BF8 /* Resources */ = {
			isa = PBXResourcesBuildPhase;
			buildActionMask = 2147483647;
			files = (
				FE45EDDB1B1D697500F39BF8 /* Main.storyboard in Resources */,
				FE45EDE01B1D697600F39BF8 /* LaunchScreen.xib in Resources */,
				FE45EDDD1B1D697600F39BF8 /* Images.xcassets in Resources */,
			);
			runOnlyForDeploymentPostprocessing = 0;
		};
		FE45EDE31B1D697600F39BF8 /* Resources */ = {
			isa = PBXResourcesBuildPhase;
			buildActionMask = 2147483647;
			files = (
			);
			runOnlyForDeploymentPostprocessing = 0;
		};
/* End PBXResourcesBuildPhase section */

/* Begin PBXSourcesBuildPhase section */
		FE45EDCC1B1D697500F39BF8 /* Sources */ = {
			isa = PBXSourcesBuildPhase;
			buildActionMask = 2147483647;
			files = (
				FE45EDD81B1D697500F39BF8 /* ViewController.swift in Sources */,
				FE45EDD61B1D697500F39BF8 /* AppDelegate.swift in Sources */,
			);
			runOnlyForDeploymentPostprocessing = 0;
		};
		FE45EDE11B1D697600F39BF8 /* Sources */ = {
			isa = PBXSourcesBuildPhase;
			buildActionMask = 2147483647;
			files = (
				FE45EDEC1B1D697600F39BF8 /* ZoomableCollectionsViewTests.swift in Sources */,
			);
			runOnlyForDeploymentPostprocessing = 0;
		};
/* End PBXSourcesBuildPhase section */

/* Begin PBXTargetDependency section */
		FE45EDE71B1D697600F39BF8 /* PBXTargetDependency */ = {
			isa = PBXTargetDependency;
			target = FE45EDCF1B1D697500F39BF8 /* ZoomableCollectionsView */;
			targetProxy = FE45EDE61B1D697600F39BF8 /* PBXContainerItemProxy */;
		};
/* End PBXTargetDependency section */

/* Begin PBXVariantGroup section */
		FE45EDD91B1D697500F39BF8 /* Main.storyboard */ = {
			isa = PBXVariantGroup;
			children = (
				FE45EDDA1B1D697500F39BF8 /* Base */,
			);
			name = Main.storyboard;
			sourceTree = "<group>";
		};
		FE45EDDE1B1D697600F39BF8 /* LaunchScreen.xib */ = {
			isa = PBXVariantGroup;
			children = (
				FE45EDDF1B1D697600F39BF8 /* Base */,
			);
			name = LaunchScreen.xib;
			sourceTree = "<group>";
		};
/* End PBXVariantGroup section */

/* Begin XCBuildConfiguration section */
		FE45EDED1B1D697600F39BF8 /* Debug */ = {
			isa = XCBuildConfiguration;
			buildSettings = {
				ALWAYS_SEARCH_USER_PATHS = NO;
				CLANG_CXX_LANGUAGE_STANDARD = "gnu++0x";
				CLANG_CXX_LIBRARY = "libc++";
				CLANG_ENABLE_MODULES = YES;
				CLANG_ENABLE_OBJC_ARC = YES;
				CLANG_WARN_BOOL_CONVERSION = YES;
				CLANG_WARN_CONSTANT_CONVERSION = YES;
				CLANG_WARN_DIRECT_OBJC_ISA_USAGE = YES_ERROR;
				CLANG_WARN_EMPTY_BODY = YES;
				CLANG_WARN_ENUM_CONVERSION = YES;
				CLANG_WARN_INT_CONVERSION = YES;
				CLANG_WARN_OBJC_ROOT_CLASS = YES_ERROR;
				CLANG_WARN_UNREACHABLE_CODE = YES;
				CLANG_WARN__DUPLICATE_METHOD_MATCH = YES;
				"CODE_SIGN_IDENTITY[sdk=iphoneos*]" = "iPhone Developer";
				COPY_PHASE_STRIP = NO;
				DEBUG_INFORMATION_FORMAT = "dwarf-with-dsym";
				ENABLE_STRICT_OBJC_MSGSEND = YES;
				GCC_C_LANGUAGE_STANDARD = gnu99;
				GCC_DYNAMIC_NO_PIC = NO;
				GCC_NO_COMMON_BLOCKS = YES;
				GCC_OPTIMIZATION_LEVEL = 0;
				GCC_PREPROCESSOR_DEFINITIONS = (
					"DEBUG=1",
					"$(inherited)",
				);
				GCC_SYMBOLS_PRIVATE_EXTERN = NO;
				GCC_WARN_64_TO_32_BIT_CONVERSION = YES;
				GCC_WARN_ABOUT_RETURN_TYPE = YES_ERROR;
				GCC_WARN_UNDECLARED_SELECTOR = YES;
				GCC_WARN_UNINITIALIZED_AUTOS = YES_AGGRESSIVE;
				GCC_WARN_UNUSED_FUNCTION = YES;
				GCC_WARN_UNUSED_VARIABLE = YES;
				IPHONEOS_DEPLOYMENT_TARGET = 8.3;
				MTL_ENABLE_DEBUG_INFO = YES;
				ONLY_ACTIVE_ARCH = YES;
				SDKROOT = iphoneos;
				SWIFT_OPTIMIZATION_LEVEL = "-Onone";
			};
			name = Debug;
		};
		FE45EDEE1B1D697600F39BF8 /* Release */ = {
			isa = XCBuildConfiguration;
			buildSettings = {
				ALWAYS_SEARCH_USER_PATHS = NO;
				CLANG_CXX_LANGUAGE_STANDARD = "gnu++0x";
				CLANG_CXX_LIBRARY = "libc++";
				CLANG_ENABLE_MODULES = YES;
				CLANG_ENABLE_OBJC_ARC = YES;
				CLANG_WARN_BOOL_CONVERSION = YES;
				CLANG_WARN_CONSTANT_CONVERSION = YES;
				CLANG_WARN_DIRECT_OBJC_ISA_USAGE = YES_ERROR;
				CLANG_WARN_EMPTY_BODY = YES;
				CLANG_WARN_ENUM_CONVERSION = YES;
				CLANG_WARN_INT_CONVERSION = YES;
				CLANG_WARN_OBJC_ROOT_CLASS = YES_ERROR;
				CLANG_WARN_UNREACHABLE_CODE = YES;
				CLANG_WARN__DUPLICATE_METHOD_MATCH = YES;
				"CODE_SIGN_IDENTITY[sdk=iphoneos*]" = "iPhone Developer";
				COPY_PHASE_STRIP = NO;
				DEBUG_INFORMATION_FORMAT = "dwarf-with-dsym";
				ENABLE_NS_ASSERTIONS = NO;
				ENABLE_STRICT_OBJC_MSGSEND = YES;
				GCC_C_LANGUAGE_STANDARD = gnu99;
				GCC_NO_COMMON_BLOCKS = YES;
				GCC_WARN_64_TO_32_BIT_CONVERSION = YES;
				GCC_WARN_ABOUT_RETURN_TYPE = YES_ERROR;
				GCC_WARN_UNDECLARED_SELECTOR = YES;
				GCC_WARN_UNINITIALIZED_AUTOS = YES_AGGRESSIVE;
				GCC_WARN_UNUSED_FUNCTION = YES;
				GCC_WARN_UNUSED_VARIABLE = YES;
				IPHONEOS_DEPLOYMENT_TARGET = 8.3;
				MTL_ENABLE_DEBUG_INFO = NO;
				SDKROOT = iphoneos;
				VALIDATE_PRODUCT = YES;
			};
			name = Release;
		};
		FE45EDF01B1D697600F39BF8 /* Debug */ = {
			isa = XCBuildConfiguration;
			buildSettings = {
				ASSETCATALOG_COMPILER_APPICON_NAME = AppIcon;
				INFOPLIST_FILE = ZoomableCollectionsView/Info.plist;
				LD_RUNPATH_SEARCH_PATHS = "$(inherited) @executable_path/Frameworks";
				PRODUCT_NAME = "$(TARGET_NAME)";
			};
			name = Debug;
		};
		FE45EDF11B1D697600F39BF8 /* Release */ = {
			isa = XCBuildConfiguration;
			buildSettings = {
				ASSETCATALOG_COMPILER_APPICON_NAME = AppIcon;
				INFOPLIST_FILE = ZoomableCollectionsView/Info.plist;
				LD_RUNPATH_SEARCH_PATHS = "$(inherited) @executable_path/Frameworks";
				PRODUCT_NAME = "$(TARGET_NAME)";
			};
			name = Release;
		};
		FE45EDF31B1D697600F39BF8 /* Debug */ = {
			isa = XCBuildConfiguration;
			buildSettings = {
				BUNDLE_LOADER = "$(TEST_HOST)";
				FRAMEWORK_SEARCH_PATHS = (
					"$(SDKROOT)/Developer/Library/Frameworks",
					"$(inherited)",
				);
				GCC_PREPROCESSOR_DEFINITIONS = (
					"DEBUG=1",
					"$(inherited)",
				);
				INFOPLIST_FILE = ZoomableCollectionsViewTests/Info.plist;
				LD_RUNPATH_SEARCH_PATHS = "$(inherited) @executable_path/Frameworks @loader_path/Frameworks";
				PRODUCT_NAME = "$(TARGET_NAME)";
				TEST_HOST = "$(BUILT_PRODUCTS_DIR)/ZoomableCollectionsView.app/ZoomableCollectionsView";
			};
			name = Debug;
		};
		FE45EDF41B1D697600F39BF8 /* Release */ = {
			isa = XCBuildConfiguration;
			buildSettings = {
				BUNDLE_LOADER = "$(TEST_HOST)";
				FRAMEWORK_SEARCH_PATHS = (
					"$(SDKROOT)/Developer/Library/Frameworks",
					"$(inherited)",
				);
				INFOPLIST_FILE = ZoomableCollectionsViewTests/Info.plist;
				LD_RUNPATH_SEARCH_PATHS = "$(inherited) @executable_path/Frameworks @loader_path/Frameworks";
				PRODUCT_NAME = "$(TARGET_NAME)";
				TEST_HOST = "$(BUILT_PRODUCTS_DIR)/ZoomableCollectionsView.app/ZoomableCollectionsView";
			};
			name = Release;
		};
/* End XCBuildConfiguration section */

/* Begin XCConfigurationList section */
		FE45EDCB1B1D697500F39BF8 /* Build configuration list for PBXProject "ZoomableCollectionsView" */ = {
			isa = XCConfigurationList;
			buildConfigurations = (
				FE45EDED1B1D697600F39BF8 /* Debug */,
				FE45EDEE1B1D697600F39BF8 /* Release */,
			);
			defaultConfigurationIsVisible = 0;
			defaultConfigurationName = Release;
		};
		FE45EDEF1B1D697600F39BF8 /* Build configuration list for PBXNativeTarget "ZoomableCollectionsView" */ = {
			isa = XCConfigurationList;
			buildConfigurations = (
				FE45EDF01B1D697600F39BF8 /* Debug */,
				FE45EDF11B1D697600F39BF8 /* Release */,
			);
			defaultConfigurationIsVisible = 0;
		};
		FE45EDF21B1D697600F39BF8 /* Build configuration list for PBXNativeTarget "ZoomableCollectionsViewTests" */ = {
			isa = XCConfigurationList;
			buildConfigurations = (
				FE45EDF31B1D697600F39BF8 /* Debug */,
				FE45EDF41B1D697600F39BF8 /* Release */,
			);
			defaultConfigurationIsVisible = 0;
		};
/* End XCConfigurationList section */
	};
	rootObject = FE45EDC81B1D697500F39BF8 /* Project object */;
}
